PODS:
  - secp256k1.swift (0.1.4)
  - Starscream (4.0.8)
  - TweetNacl (1.0.2)

DEPENDENCIES:
  - secp256k1.swift
  - Starscream (~> 4.0.0)
  - TweetNacl (~> 1.0.2)

SPEC REPOS:
  trunk:
    - secp256k1.swift
    - Starscream
    - TweetNacl

SPEC CHECKSUMS:
  secp256k1.swift: a7e7a214f6db6ce5db32cc6b2b45e5c4dd633634
  Starscream: 19b5533ddb925208db698f0ac508a100b884a1b9
  TweetNacl: 3abf4d1d2082b0114e7a67410e300892448951e6

PODFILE CHECKSUM: 504edd3d0bbf2ef71eeec53b934f302edc583393

COCOAPODS: 1.15.2
